// !$*UTF8*$!
{
	archiveVersion = 1;
	classes = {
	};
	objectVersion = 50;
	objects = {

/* Begin PBXBuildFile section */
		97E4E6C12129F71B0077BC0C /* AppDelegate.swift in Sources */ = {isa = PBXBuildFile; fileRef = 97E4E6C02129F71B0077BC0C /* AppDelegate.swift */; };
		97E4E6C32129F71B0077BC0C /* ViewController.swift in Sources */ = {isa = PBXBuildFile; fileRef = 97E4E6C22129F71B0077BC0C /* ViewController.swift */; };
		97E4E6C62129F71B0077BC0C /* Main.storyboard in Resources */ = {isa = PBXBuildFile; fileRef = 97E4E6C42129F71B0077BC0C /* Main.storyboard */; };
		97E4E6C82129F71C0077BC0C /* Assets.xcassets in Resources */ = {isa = PBXBuildFile; fileRef = 97E4E6C72129F71C0077BC0C /* Assets.xcassets */; };
		97E4E6CB2129F71C0077BC0C /* LaunchScreen.storyboard in Resources */ = {isa = PBXBuildFile; fileRef = 97E4E6C92129F71C0077BC0C /* LaunchScreen.storyboard */; };
/* End PBXBuildFile section */

/* Begin PBXFileReference section */
		97E4E6BD2129F71B0077BC0C /* Spotted.app */ = {isa = PBXFileReference; explicitFileType = wrapper.application; includeInIndex = 0; path = Spotted.app; sourceTree = BUILT_PRODUCTS_DIR; };
		97E4E6C02129F71B0077BC0C /* AppDelegate.swift */ = {isa = PBXFileReference; lastKnownFileType = sourcecode.swift; path = AppDelegate.swift; sourceTree = "<group>"; };
		97E4E6C22129F71B0077BC0C /* ViewController.swift */ = {isa = PBXFileReference; lastKnownFileType = sourcecode.swift; path = ViewController.swift; sourceTree = "<group>"; };
		97E4E6C52129F71B0077BC0C /* Base */ = {isa = PBXFileReference; lastKnownFileType = file.storyboard; name = Base; path = Base.lproj/Main.storyboard; sourceTree = "<group>"; };
		97E4E6C72129F71C0077BC0C /* Assets.xcassets */ = {isa = PBXFileReference; lastKnownFileType = folder.assetcatalog; path = Assets.xcassets; sourceTree = "<group>"; };
		97E4E6CA2129F71C0077BC0C /* Base */ = {isa = PBXFileReference; lastKnownFileType = file.storyboard; name = Base; path = Base.lproj/LaunchScreen.storyboard; sourceTree = "<group>"; };
		97E4E6CC2129F71C0077BC0C /* Info.plist */ = {isa = PBXFileReference; lastKnownFileType = text.plist.xml; path = Info.plist; sourceTree = "<group>"; };
/* End PBXFileReference section */

/* Begin PBXFrameworksBuildPhase section */
		97E4E6BA2129F71B0077BC0C /* Frameworks */ = {
			isa = PBXFrameworksBuildPhase;
			buildActionMask = 2147483647;
			files = (
			);
			runOnlyForDeploymentPostprocessing = 0;
		};
/* End PBXFrameworksBuildPhase section */

/* Begin PBXGroup section */
		97E4E6B42129F71B0077BC0C = {
			isa = PBXGroup;
			children = (
				97E4E6BF2129F71B0077BC0C /* Spotted */,
				97E4E6BE2129F71B0077BC0C /* Products */,
			);
			sourceTree = "<group>";
		};
		97E4E6BE2129F71B0077BC0C /* Products */ = {
			isa = PBXGroup;
			children = (
				97E4E6BD2129F71B0077BC0C /* Spotted.app */,
			);
			name = Products;
			sourceTree = "<group>";
		};
		97E4E6BF2129F71B0077BC0C /* Spotted */ = {
			isa = PBXGroup;
			children = (
				97E4E6C02129F71B0077BC0C /* AppDelegate.swift */,
				97E4E6C22129F71B0077BC0C /* ViewController.swift */,
				97E4E6C42129F71B0077BC0C /* Main.storyboard */,
				97E4E6C72129F71C0077BC0C /* Assets.xcassets */,
				97E4E6C92129F71C0077BC0C /* LaunchScreen.storyboard */,
				97E4E6CC2129F71C0077BC0C /* Info.plist */,
			);
			path = Spotted;
			sourceTree = "<group>";
		};
/* End PBXGroup section */

/* Begin PBXNativeTarget section */
		97E4E6BC2129F71B0077BC0C /* Spotted */ = {
			isa = PBXNativeTarget;
			buildConfigurationList = 97E4E6CF2129F71C0077BC0C /* Build configuration list for PBXNativeTarget "Spotted" */;
			buildPhases = (
				97E4E6B92129F71B0077BC0C /* Sources */,
				97E4E6BA2129F71B0077BC0C /* Frameworks */,
				97E4E6BB2129F71B0077BC0C /* Resources */,
			);
			buildRules = (
			);
			dependencies = (
			);
			name = Spotted;
			productName = Spotted;
			productReference = 97E4E6BD2129F71B0077BC0C /* Spotted.app */;
			productType = "com.apple.product-type.application";
		};
/* End PBXNativeTarget section */

/* Begin PBXProject section */
		97E4E6B52129F71B0077BC0C /* Project object */ = {
			isa = PBXProject;
			attributes = {
				LastSwiftUpdateCheck = 0940;
				LastUpgradeCheck = 0940;
				ORGANIZATIONNAME = Spotted;
				TargetAttributes = {
					97E4E6BC2129F71B0077BC0C = {
						CreatedOnToolsVersion = 9.4.1;
					};
				};
			};
			buildConfigurationList = 97E4E6B82129F71B0077BC0C /* Build configuration list for PBXProject "Spotted" */;
			compatibilityVersion = "Xcode 9.3";
			developmentRegion = en;
			hasScannedForEncodings = 0;
			knownRegions = (
				en,
				Base,
			);
			mainGroup = 97E4E6B42129F71B0077BC0C;
			productRefGroup = 97E4E6BE2129F71B0077BC0C /* Products */;
			projectDirPath = "";
			projectRoot = "";
			targets = (
				97E4E6BC2129F71B0077BC0C /* Spotted */,
			);
		};
/* End PBXProject section */

/* Begin PBXResourcesBuildPhase section */
		97E4E6BB2129F71B0077BC0C /* Resources */ = {
			isa = PBXResourcesBuildPhase;
			buildActionMask = 2147483647;
			files = (
				97E4E6CB2129F71C0077BC0C /* LaunchScreen.storyboard in Resources */,
				97E4E6C82129F71C0077BC0C /* Assets.xcassets in Resources */,
				97E4E6C62129F71B0077BC0C /* Main.storyboard in Resources */,
			);
			runOnlyForDeploymentPostprocessing = 0;
		};
/* End PBXResourcesBuildPhase section */

/* Begin PBXSourcesBuildPhase section */
		97E4E6B92129F71B0077BC0C /* Sources */ = {
			isa = PBXSourcesBuildPhase;
			buildActionMask = 2147483647;
			files = (
				97E4E6C32129F71B0077BC0C /* ViewController.swift in Sources */,
				97E4E6C12129F71B0077BC0C /* AppDelegate.swift in Sources */,
			);
			runOnlyForDeploymentPostprocessing = 0;
		};
/* End PBXSourcesBuildPhase section */

/* Begin PBXVariantGroup section */
		97E4E6C42129F71B0077BC0C /* Main.storyboard */ = {
			isa = PBXVariantGroup;
			children = (
				97E4E6C52129F71B0077BC0C /* Base */,
			);
			name = Main.storyboard;
			sourceTree = "<group>";
		};
		97E4E6C92129F71C0077BC0C /* LaunchScreen.storyboard */ = {
			isa = PBXVariantGroup;
			children = (
				97E4E6CA2129F71C0077BC0C /* Base */,
			);
			name = LaunchScreen.storyboard;
			sourceTree = "<group>";
		};
/* End PBXVariantGroup section */

/* Begin XCBuildConfiguration section */
		97E4E6CD2129F71C0077BC0C /* Debug */ = {
			isa = XCBuildConfiguration;
			buildSettings = {
				ALWAYS_SEARCH_USER_PATHS = NO;
				CLANG_ANALYZER_NONNULL = YES;
				CLANG_ANALYZER_NUMBER_OBJECT_CONVERSION = YES_AGGRESSIVE;
				CLANG_CXX_LANGUAGE_STANDARD = "gnu++14";
				CLANG_CXX_LIBRARY = "libc++";
				CLANG_ENABLE_MODULES = YES;
				CLANG_ENABLE_OBJC_ARC = YES;
				CLANG_ENABLE_OBJC_WEAK = YES;
				CLANG_WARN_BLOCK_CAPTURE_AUTORELEASING = YES;
				CLANG_WARN_BOOL_CONVERSION = YES;
				CLANG_WARN_COMMA = YES;
				CLANG_WARN_CONSTANT_CONVERSION = YES;
				CLANG_WARN_DEPRECATED_OBJC_IMPLEMENTATIONS = YES;
				CLANG_WARN_DIRECT_OBJC_ISA_USAGE = YES_ERROR;
				CLANG_WARN_DOCUMENTATION_COMMENTS = YES;
				CLANG_WARN_EMPTY_BODY = YES;
				CLANG_WARN_ENUM_CONVERSION = YES;
				CLANG_WARN_INFINITE_RECURSION = YES;
				CLANG_WARN_INT_CONVERSION = YES;
				CLANG_WARN_NON_LITERAL_NULL_CONVERSION = YES;
				CLANG_WARN_OBJC_IMPLICIT_RETAIN_SELF = YES;
				CLANG_WARN_OBJC_LITERAL_CONVERSION = YES;
				CLANG_WARN_OBJC_ROOT_CLASS = YES_ERROR;
				CLANG_WARN_RANGE_LOOP_ANALYSIS = YES;
				CLANG_WARN_STRICT_PROTOTYPES = YES;
				CLANG_WARN_SUSPICIOUS_MOVE = YES;
				CLANG_WARN_UNGUARDED_AVAILABILITY = YES_AGGRESSIVE;
				CLANG_WARN_UNREACHABLE_CODE = YES;
				CLANG_WARN__DUPLICATE_METHOD_MATCH = YES;
				CODE_SIGN_IDENTITY = "iPhone Developer";
				COPY_PHASE_STRIP = NO;
				DEBUG_INFORMATION_FORMAT = dwarf;
				ENABLE_STRICT_OBJC_MSGSEND = YES;
				ENABLE_TESTABILITY = YES;
				GCC_C_LANGUAGE_STANDARD = gnu11;
				GCC_DYNAMIC_NO_PIC = NO;
				GCC_NO_COMMON_BLOCKS = YES;
				GCC_OPTIMIZATION_LEVEL = 0;
				GCC_PREPROCESSOR_DEFINITIONS = (
					"DEBUG=1",
					"$(inherited)",
				);
				GCC_WARN_64_TO_32_BIT_CONVERSION = YES;
				GCC_WARN_ABOUT_RETURN_TYPE = YES_ERROR;
				GCC_WARN_UNDECLARED_SELECTOR = YES;
				GCC_WARN_UNINITIALIZED_AUTOS = YES_AGGRESSIVE;
				GCC_WARN_UNUSED_FUNCTION = YES;
				GCC_WARN_UNUSED_VARIABLE = YES;
				IPHONEOS_DEPLOYMENT_TARGET = 11.4;
				MTL_ENABLE_DEBUG_INFO = YES;
				ONLY_ACTIVE_ARCH = YES;
				SDKROOT = iphoneos;
				SWIFT_ACTIVE_COMPILATION_CONDITIONS = DEBUG;
				SWIFT_OPTIMIZATION_LEVEL = "-Onone";
			};
			name = Debug;
		};
		97E4E6CE2129F71C0077BC0C /* Release */ = {
			isa = XCBuildConfiguration;
			buildSettings = {
				ALWAYS_SEARCH_USER_PATHS = NO;
				CLANG_ANALYZER_NONNULL = YES;
				CLANG_ANALYZER_NUMBER_OBJECT_CONVERSION = YES_AGGRESSIVE;
				CLANG_CXX_LANGUAGE_STANDARD = "gnu++14";
				CLANG_CXX_LIBRARY = "libc++";
				CLANG_ENABLE_MODULES = YES;
				CLANG_ENABLE_OBJC_ARC = YES;
				CLANG_ENABLE_OBJC_WEAK = YES;
				CLANG_WARN_BLOCK_CAPTURE_AUTORELEASING = YES;
				CLANG_WARN_BOOL_CONVERSION = YES;
				CLANG_WARN_COMMA = YES;
				CLANG_WARN_CONSTANT_CONVERSION = YES;
				CLANG_WARN_DEPRECATED_OBJC_IMPLEMENTATIONS = YES;
				CLANG_WARN_DIRECT_OBJC_ISA_USAGE = YES_ERROR;
				CLANG_WARN_DOCUMENTATION_COMMENTS = YES;
				CLANG_WARN_EMPTY_BODY = YES;
				CLANG_WARN_ENUM_CONVERSION = YES;
				CLANG_WARN_INFINITE_RECURSION = YES;
				CLANG_WARN_INT_CONVERSION = YES;
				CLANG_WARN_NON_LITERAL_NULL_CONVERSION = YES;
				CLANG_WARN_OBJC_IMPLICIT_RETAIN_SELF = YES;
				CLANG_WARN_OBJC_LITERAL_CONVERSION = YES;
				CLANG_WARN_OBJC_ROOT_CLASS = YES_ERROR;
				CLANG_WARN_RANGE_LOOP_ANALYSIS = YES;
				CLANG_WARN_STRICT_PROTOTYPES = YES;
				CLANG_WARN_SUSPICIOUS_MOVE = YES;
				CLANG_WARN_UNGUARDED_AVAILABILITY = YES_AGGRESSIVE;
				CLANG_WARN_UNREACHABLE_CODE = YES;
				CLANG_WARN__DUPLICATE_METHOD_MATCH = YES;
				CODE_SIGN_IDENTITY = "iPhone Developer";
				COPY_PHASE_STRIP = NO;
				DEBUG_INFORMATION_FORMAT = "dwarf-with-dsym";
				ENABLE_NS_ASSERTIONS = NO;
				ENABLE_STRICT_OBJC_MSGSEND = YES;
				GCC_C_LANGUAGE_STANDARD = gnu11;
				GCC_NO_COMMON_BLOCKS = YES;
				GCC_WARN_64_TO_32_BIT_CONVERSION = YES;
				GCC_WARN_ABOUT_RETURN_TYPE = YES_ERROR;
				GCC_WARN_UNDECLARED_SELECTOR = YES;
				GCC_WARN_UNINITIALIZED_AUTOS = YES_AGGRESSIVE;
				GCC_WARN_UNUSED_FUNCTION = YES;
				GCC_WARN_UNUSED_VARIABLE = YES;
				IPHONEOS_DEPLOYMENT_TARGET = 11.4;
				MTL_ENABLE_DEBUG_INFO = NO;
				SDKROOT = iphoneos;
				SWIFT_COMPILATION_MODE = wholemodule;
				SWIFT_OPTIMIZATION_LEVEL = "-O";
				VALIDATE_PRODUCT = YES;
			};
			name = Release;
		};
		97E4E6D02129F71C0077BC0C /* Debug */ = {
			isa = XCBuildConfiguration;
			buildSettings = {
				ASSETCATALOG_COMPILER_APPICON_NAME = AppIcon;
				CODE_SIGN_STYLE = Automatic;
				DEVELOPMENT_TEAM = 8EW6887W6K;
				INFOPLIST_FILE = Spotted/Info.plist;
				LD_RUNPATH_SEARCH_PATHS = (
					"$(inherited)",
					"@executable_path/Frameworks",
				);
				PRODUCT_BUNDLE_IDENTIFIER = hls18.Spotted;
				PRODUCT_NAME = "$(TARGET_NAME)";
				SWIFT_VERSION = 4.0;
				TARGETED_DEVICE_FAMILY = "1,2";
			};
			name = Debug;
		};
		97E4E6D12129F71C0077BC0C /* Release */ = {
			isa = XCBuildConfiguration;
			buildSettings = {
				ASSETCATALOG_COMPILER_APPICON_NAME = AppIcon;
				CODE_SIGN_STYLE = Automatic;
				DEVELOPMENT_TEAM = 8EW6887W6K;
				INFOPLIST_FILE = Spotted/Info.plist;
				LD_RUNPATH_SEARCH_PATHS = (
					"$(inherited)",
					"@executable_path/Frameworks",
				);
				PRODUCT_BUNDLE_IDENTIFIER = hls18.Spotted;
				PRODUCT_NAME = "$(TARGET_NAME)";
				SWIFT_VERSION = 4.0;
				TARGETED_DEVICE_FAMILY = "1,2";
			};
			name = Release;
		};
/* End XCBuildConfiguration section */

/* Begin XCConfigurationList section */
		97E4E6B82129F71B0077BC0C /* Build configuration list for PBXProject "Spotted" */ = {
			isa = XCConfigurationList;
			buildConfigurations = (
				97E4E6CD2129F71C0077BC0C /* Debug */,
				97E4E6CE2129F71C0077BC0C /* Release */,
			);
			defaultConfigurationIsVisible = 0;
			defaultConfigurationName = Release;
		};
		97E4E6CF2129F71C0077BC0C /* Build configuration list for PBXNativeTarget "Spotted" */ = {
			isa = XCConfigurationList;
			buildConfigurations = (
				97E4E6D02129F71C0077BC0C /* Debug */,
				97E4E6D12129F71C0077BC0C /* Release */,
			);
			defaultConfigurationIsVisible = 0;
			defaultConfigurationName = Release;
		};
/* End XCConfigurationList section */
	};
	rootObject = 97E4E6B52129F71B0077BC0C /* Project object */;
}
